
Microsoft Visual Studio Solution File, Format Version 12.00
# Visual Studio Version 17
VisualStudioVersion = 17.8.34330.188
MinimumVisualStudioVersion = 10.0.40219.1
Project("{FAE04EC0-301F-11D3-BF4B-00C04F79EFBC}") = "02-SampleWebApplication", "02-SampleWebApplication.csproj", "{86CDC8BB-550F-4DBF-AA11-DE8746D19C9E}"
EndProject
Global
	GlobalSection(SolutionConfigurationPlatforms) = preSolution
		Debug|Any CPU = Debug|Any CPU
		Release|Any CPU = Release|Any CPU
	EndGlobalSection
	GlobalSection(ProjectConfigurationPlatforms) = postSolution
		{86CDC8BB-550F-4DBF-AA11-DE8746D19C9E}.Debug|Any CPU.ActiveCfg = Debug|Any CPU
		{86CDC8BB-550F-4DBF-AA11-DE8746D19C9E}.Debug|Any CPU.Build.0 = Debug|Any CPU
		{86CDC8BB-550F-4DBF-AA11-DE8746D19C9E}.Release|Any CPU.ActiveCfg = Release|Any CPU
		{86CDC8BB-550F-4DBF-AA11-DE8746D19C9E}.Release|Any CPU.Build.0 = Release|Any CPU
	EndGlobalSection
	GlobalSection(SolutionProperties) = preSolution
		HideSolutionNode = FALSE
	EndGlobalSection
	GlobalSection(ExtensibilityGlobals) = postSolution
		SolutionGuid = {FB877E06-033C-41FE-9118-EF1BA054B8B5}
	EndGlobalSection
EndGlobal
